
Microsoft Visual Studio Solution File, Format Version 12.00
# Visual Studio 15
VisualStudioVersion = 15.0.35431.46
MinimumVisualStudioVersion = 10.0.40219.1
Project("{FAE04EC0-301F-11D3-BF4B-00C04F79EFBC}") = "LiberrySelf", "LiberrySelf\LiberrySelf.csproj", "{74E5C4EB-C385-4C14-AFD2-63D9123F8AD8}"
EndProject
Global
	GlobalSection(SolutionConfigurationPlatforms) = preSolution
		Debug|Any CPU = Debug|Any CPU
		Release|Any CPU = Release|Any CPU
	EndGlobalSection
	GlobalSection(ProjectConfigurationPlatforms) = postSolution
		{74E5C4EB-C385-4C14-AFD2-63D9123F8AD8}.Debug|Any CPU.ActiveCfg = Debug|Any CPU
		{74E5C4EB-C385-4C14-AFD2-63D9123F8AD8}.Debug|Any CPU.Build.0 = Debug|Any CPU
		{74E5C4EB-C385-4C14-AFD2-63D9123F8AD8}.Release|Any CPU.ActiveCfg = Release|Any CPU
		{74E5C4EB-C385-4C14-AFD2-63D9123F8AD8}.Release|Any CPU.Build.0 = Release|Any CPU
	EndGlobalSection
	GlobalSection(SolutionProperties) = preSolution
		HideSolutionNode = FALSE
	EndGlobalSection
	GlobalSection(ExtensibilityGlobals) = postSolution
		SolutionGuid = {ACF20E5D-CE5C-4E0A-ABA0-8F5F3537BE11}
	EndGlobalSection
EndGlobal
